
Microsoft Visual Studio Solution File, Format Version 12.00
# Visual Studio Version 16
VisualStudioVersion = 16.0.30804.86
MinimumVisualStudioVersion = 10.0.40219.1
Project("{FAE04EC0-301F-11D3-BF4B-00C04F79EFBC}") = "UI", "UI\UI.csproj", "{0645B035-1FCC-4094-9968-DC582730D915}"
EndProject
Project("{E53339B2-1760-4266-BCC7-CA923CBCF16C}") = "docker-compose", "docker-compose.dcproj", "{50E8A906-BBE1-4025-B1A8-9D738C23AAF7}"
EndProject
Project("{FAE04EC0-301F-11D3-BF4B-00C04F79EFBC}") = "API", "API\API.csproj", "{85EF8D39-BF16-4099-BB67-C7DFC90561E7}"
EndProject
Global
	GlobalSection(SolutionConfigurationPlatforms) = preSolution
		Debug|Any CPU = Debug|Any CPU
		Release|Any CPU = Release|Any CPU
	EndGlobalSection
	GlobalSection(ProjectConfigurationPlatforms) = postSolution
		{0645B035-1FCC-4094-9968-DC582730D915}.Debug|Any CPU.ActiveCfg = Debug|Any CPU
		{0645B035-1FCC-4094-9968-DC582730D915}.Debug|Any CPU.Build.0 = Debug|Any CPU
		{0645B035-1FCC-4094-9968-DC582730D915}.Release|Any CPU.ActiveCfg = Release|Any CPU
		{0645B035-1FCC-4094-9968-DC582730D915}.Release|Any CPU.Build.0 = Release|Any CPU
		{50E8A906-BBE1-4025-B1A8-9D738C23AAF7}.Debug|Any CPU.ActiveCfg = Debug|Any CPU
		{50E8A906-BBE1-4025-B1A8-9D738C23AAF7}.Debug|Any CPU.Build.0 = Debug|Any CPU
		{50E8A906-BBE1-4025-B1A8-9D738C23AAF7}.Release|Any CPU.ActiveCfg = Release|Any CPU
		{50E8A906-BBE1-4025-B1A8-9D738C23AAF7}.Release|Any CPU.Build.0 = Release|Any CPU
		{85EF8D39-BF16-4099-BB67-C7DFC90561E7}.Debug|Any CPU.ActiveCfg = Debug|Any CPU
		{85EF8D39-BF16-4099-BB67-C7DFC90561E7}.Debug|Any CPU.Build.0 = Debug|Any CPU
		{85EF8D39-BF16-4099-BB67-C7DFC90561E7}.Release|Any CPU.ActiveCfg = Release|Any CPU
		{85EF8D39-BF16-4099-BB67-C7DFC90561E7}.Release|Any CPU.Build.0 = Release|Any CPU
	EndGlobalSection
	GlobalSection(SolutionProperties) = preSolution
		HideSolutionNode = FALSE
	EndGlobalSection
	GlobalSection(ExtensibilityGlobals) = postSolution
		SolutionGuid = {658A6623-D9DA-4B92-8BCA-129B79DE7B83}
	EndGlobalSection
EndGlobal
